// !$*UTF8*$!
{
	archiveVersion = 1;
	classes = {
	};
	objectVersion = 56;
	objects = {

/* Begin PBXBuildFile section */
		8457AF1E2C863F6A007BF2D3 /* AppDelegate.swift in Sources */ = {isa = PBXBuildFile; fileRef = 8457AF1D2C863F6A007BF2D3 /* AppDelegate.swift */; };
		8457AF202C863F6A007BF2D3 /* SceneDelegate.swift in Sources */ = {isa = PBXBuildFile; fileRef = 8457AF1F2C863F6A007BF2D3 /* SceneDelegate.swift */; };
		8457AF222C863F6A007BF2D3 /* ViewController.swift in Sources */ = {isa = PBXBuildFile; fileRef = 8457AF212C863F6A007BF2D3 /* ViewController.swift */; };
		8457AF252C863F6A007BF2D3 /* Main.storyboard in Resources */ = {isa = PBXBuildFile; fileRef = 8457AF232C863F6A007BF2D3 /* Main.storyboard */; };
		8457AF272C863F6C007BF2D3 /* Assets.xcassets in Resources */ = {isa = PBXBuildFile; fileRef = 8457AF262C863F6C007BF2D3 /* Assets.xcassets */; };
		8457AF2A2C863F6C007BF2D3 /* LaunchScreen.storyboard in Resources */ = {isa = PBXBuildFile; fileRef = 8457AF282C863F6C007BF2D3 /* LaunchScreen.storyboard */; };
		8457AF352C863F6C007BF2D3 /* PodcastsAppTests.swift in Sources */ = {isa = PBXBuildFile; fileRef = 8457AF342C863F6C007BF2D3 /* PodcastsAppTests.swift */; };
		8457AF3F2C863F6C007BF2D3 /* PodcastsAppUITests.swift in Sources */ = {isa = PBXBuildFile; fileRef = 8457AF3E2C863F6C007BF2D3 /* PodcastsAppUITests.swift */; };
		8457AF412C863F6C007BF2D3 /* PodcastsAppUITestsLaunchTests.swift in Sources */ = {isa = PBXBuildFile; fileRef = 8457AF402C863F6C007BF2D3 /* PodcastsAppUITestsLaunchTests.swift */; };
/* End PBXBuildFile section */

/* Begin PBXContainerItemProxy section */
		8457AF312C863F6C007BF2D3 /* PBXContainerItemProxy */ = {
			isa = PBXContainerItemProxy;
			containerPortal = 8457AF122C863F6A007BF2D3 /* Project object */;
			proxyType = 1;
			remoteGlobalIDString = 8457AF192C863F6A007BF2D3;
			remoteInfo = PodcastsApp;
		};
		8457AF3B2C863F6C007BF2D3 /* PBXContainerItemProxy */ = {
			isa = PBXContainerItemProxy;
			containerPortal = 8457AF122C863F6A007BF2D3 /* Project object */;
			proxyType = 1;
			remoteGlobalIDString = 8457AF192C863F6A007BF2D3;
			remoteInfo = PodcastsApp;
		};
/* End PBXContainerItemProxy section */

/* Begin PBXFileReference section */
		8457AF1A2C863F6A007BF2D3 /* PodcastsApp.app */ = {isa = PBXFileReference; explicitFileType = wrapper.application; includeInIndex = 0; path = PodcastsApp.app; sourceTree = BUILT_PRODUCTS_DIR; };
		8457AF1D2C863F6A007BF2D3 /* AppDelegate.swift */ = {isa = PBXFileReference; lastKnownFileType = sourcecode.swift; path = AppDelegate.swift; sourceTree = "<group>"; };
		8457AF1F2C863F6A007BF2D3 /* SceneDelegate.swift */ = {isa = PBXFileReference; lastKnownFileType = sourcecode.swift; path = SceneDelegate.swift; sourceTree = "<group>"; };
		8457AF212C863F6A007BF2D3 /* ViewController.swift */ = {isa = PBXFileReference; lastKnownFileType = sourcecode.swift; path = ViewController.swift; sourceTree = "<group>"; };
		8457AF242C863F6A007BF2D3 /* Base */ = {isa = PBXFileReference; lastKnownFileType = file.storyboard; name = Base; path = Base.lproj/Main.storyboard; sourceTree = "<group>"; };
		8457AF262C863F6C007BF2D3 /* Assets.xcassets */ = {isa = PBXFileReference; lastKnownFileType = folder.assetcatalog; path = Assets.xcassets; sourceTree = "<group>"; };
		8457AF292C863F6C007BF2D3 /* Base */ = {isa = PBXFileReference; lastKnownFileType = file.storyboard; name = Base; path = Base.lproj/LaunchScreen.storyboard; sourceTree = "<group>"; };
		8457AF2B2C863F6C007BF2D3 /* Info.plist */ = {isa = PBXFileReference; lastKnownFileType = text.plist.xml; path = Info.plist; sourceTree = "<group>"; };
		8457AF302C863F6C007BF2D3 /* PodcastsAppTests.xctest */ = {isa = PBXFileReference; explicitFileType = wrapper.cfbundle; includeInIndex = 0; path = PodcastsAppTests.xctest; sourceTree = BUILT_PRODUCTS_DIR; };
		8457AF342C863F6C007BF2D3 /* PodcastsAppTests.swift */ = {isa = PBXFileReference; lastKnownFileType = sourcecode.swift; path = PodcastsAppTests.swift; sourceTree = "<group>"; };
		8457AF3A2C863F6C007BF2D3 /* PodcastsAppUITests.xctest */ = {isa = PBXFileReference; explicitFileType = wrapper.cfbundle; includeInIndex = 0; path = PodcastsAppUITests.xctest; sourceTree = BUILT_PRODUCTS_DIR; };
		8457AF3E2C863F6C007BF2D3 /* PodcastsAppUITests.swift */ = {isa = PBXFileReference; lastKnownFileType = sourcecode.swift; path = PodcastsAppUITests.swift; sourceTree = "<group>"; };
		8457AF402C863F6C007BF2D3 /* PodcastsAppUITestsLaunchTests.swift */ = {isa = PBXFileReference; lastKnownFileType = sourcecode.swift; path = PodcastsAppUITestsLaunchTests.swift; sourceTree = "<group>"; };
/* End PBXFileReference section */

/* Begin PBXFrameworksBuildPhase section */
		8457AF172C863F6A007BF2D3 /* Frameworks */ = {
			isa = PBXFrameworksBuildPhase;
			buildActionMask = 2147483647;
			files = (
			);
			runOnlyForDeploymentPostprocessing = 0;
		};
		8457AF2D2C863F6C007BF2D3 /* Frameworks */ = {
			isa = PBXFrameworksBuildPhase;
			buildActionMask = 2147483647;
			files = (
			);
			runOnlyForDeploymentPostprocessing = 0;
		};
		8457AF372C863F6C007BF2D3 /* Frameworks */ = {
			isa = PBXFrameworksBuildPhase;
			buildActionMask = 2147483647;
			files = (
			);
			runOnlyForDeploymentPostprocessing = 0;
		};
/* End PBXFrameworksBuildPhase section */

/* Begin PBXGroup section */
		8457AF112C863F6A007BF2D3 = {
			isa = PBXGroup;
			children = (
				8457AF1C2C863F6A007BF2D3 /* PodcastsApp */,
				8457AF332C863F6C007BF2D3 /* PodcastsAppTests */,
				8457AF3D2C863F6C007BF2D3 /* PodcastsAppUITests */,
				8457AF1B2C863F6A007BF2D3 /* Products */,
			);
			sourceTree = "<group>";
		};
		8457AF1B2C863F6A007BF2D3 /* Products */ = {
			isa = PBXGroup;
			children = (
				8457AF1A2C863F6A007BF2D3 /* PodcastsApp.app */,
				8457AF302C863F6C007BF2D3 /* PodcastsAppTests.xctest */,
				8457AF3A2C863F6C007BF2D3 /* PodcastsAppUITests.xctest */,
			);
			name = Products;
			sourceTree = "<group>";
		};
		8457AF1C2C863F6A007BF2D3 /* PodcastsApp */ = {
			isa = PBXGroup;
			children = (
				8457AF1D2C863F6A007BF2D3 /* AppDelegate.swift */,
				8457AF1F2C863F6A007BF2D3 /* SceneDelegate.swift */,
				8457AF212C863F6A007BF2D3 /* ViewController.swift */,
				8457AF232C863F6A007BF2D3 /* Main.storyboard */,
				8457AF262C863F6C007BF2D3 /* Assets.xcassets */,
				8457AF282C863F6C007BF2D3 /* LaunchScreen.storyboard */,
				8457AF2B2C863F6C007BF2D3 /* Info.plist */,
			);
			path = PodcastsApp;
			sourceTree = "<group>";
		};
		8457AF332C863F6C007BF2D3 /* PodcastsAppTests */ = {
			isa = PBXGroup;
			children = (
				8457AF342C863F6C007BF2D3 /* PodcastsAppTests.swift */,
			);
			path = PodcastsAppTests;
			sourceTree = "<group>";
		};
		8457AF3D2C863F6C007BF2D3 /* PodcastsAppUITests */ = {
			isa = PBXGroup;
			children = (
				8457AF3E2C863F6C007BF2D3 /* PodcastsAppUITests.swift */,
				8457AF402C863F6C007BF2D3 /* PodcastsAppUITestsLaunchTests.swift */,
			);
			path = PodcastsAppUITests;
			sourceTree = "<group>";
		};
/* End PBXGroup section */

/* Begin PBXNativeTarget section */
		8457AF192C863F6A007BF2D3 /* PodcastsApp */ = {
			isa = PBXNativeTarget;
			buildConfigurationList = 8457AF442C863F6C007BF2D3 /* Build configuration list for PBXNativeTarget "PodcastsApp" */;
			buildPhases = (
				8457AF162C863F6A007BF2D3 /* Sources */,
				8457AF172C863F6A007BF2D3 /* Frameworks */,
				8457AF182C863F6A007BF2D3 /* Resources */,
			);
			buildRules = (
			);
			dependencies = (
			);
			name = PodcastsApp;
			productName = PodcastsApp;
			productReference = 8457AF1A2C863F6A007BF2D3 /* PodcastsApp.app */;
			productType = "com.apple.product-type.application";
		};
		8457AF2F2C863F6C007BF2D3 /* PodcastsAppTests */ = {
			isa = PBXNativeTarget;
			buildConfigurationList = 8457AF472C863F6C007BF2D3 /* Build configuration list for PBXNativeTarget "PodcastsAppTests" */;
			buildPhases = (
				8457AF2C2C863F6C007BF2D3 /* Sources */,
				8457AF2D2C863F6C007BF2D3 /* Frameworks */,
				8457AF2E2C863F6C007BF2D3 /* Resources */,
			);
			buildRules = (
			);
			dependencies = (
				8457AF322C863F6C007BF2D3 /* PBXTargetDependency */,
			);
			name = PodcastsAppTests;
			productName = PodcastsAppTests;
			productReference = 8457AF302C863F6C007BF2D3 /* PodcastsAppTests.xctest */;
			productType = "com.apple.product-type.bundle.unit-test";
		};
		8457AF392C863F6C007BF2D3 /* PodcastsAppUITests */ = {
			isa = PBXNativeTarget;
			buildConfigurationList = 8457AF4A2C863F6C007BF2D3 /* Build configuration list for PBXNativeTarget "PodcastsAppUITests" */;
			buildPhases = (
				8457AF362C863F6C007BF2D3 /* Sources */,
				8457AF372C863F6C007BF2D3 /* Frameworks */,
				8457AF382C863F6C007BF2D3 /* Resources */,
			);
			buildRules = (
			);
			dependencies = (
				8457AF3C2C863F6C007BF2D3 /* PBXTargetDependency */,
			);
			name = PodcastsAppUITests;
			productName = PodcastsAppUITests;
			productReference = 8457AF3A2C863F6C007BF2D3 /* PodcastsAppUITests.xctest */;
			productType = "com.apple.product-type.bundle.ui-testing";
		};
/* End PBXNativeTarget section */

/* Begin PBXProject section */
		8457AF122C863F6A007BF2D3 /* Project object */ = {
			isa = PBXProject;
			attributes = {
				BuildIndependentTargetsInParallel = 1;
				LastSwiftUpdateCheck = 1500;
				LastUpgradeCheck = 1500;
				TargetAttributes = {
					8457AF192C863F6A007BF2D3 = {
						CreatedOnToolsVersion = 15.0;
					};
					8457AF2F2C863F6C007BF2D3 = {
						CreatedOnToolsVersion = 15.0;
						TestTargetID = 8457AF192C863F6A007BF2D3;
					};
					8457AF392C863F6C007BF2D3 = {
						CreatedOnToolsVersion = 15.0;
						TestTargetID = 8457AF192C863F6A007BF2D3;
					};
				};
			};
			buildConfigurationList = 8457AF152C863F6A007BF2D3 /* Build configuration list for PBXProject "PodcastsApp" */;
			compatibilityVersion = "Xcode 14.0";
			developmentRegion = en;
			hasScannedForEncodings = 0;
			knownRegions = (
				en,
				Base,
			);
			mainGroup = 8457AF112C863F6A007BF2D3;
			productRefGroup = 8457AF1B2C863F6A007BF2D3 /* Products */;
			projectDirPath = "";
			projectRoot = "";
			targets = (
				8457AF192C863F6A007BF2D3 /* PodcastsApp */,
				8457AF2F2C863F6C007BF2D3 /* PodcastsAppTests */,
				8457AF392C863F6C007BF2D3 /* PodcastsAppUITests */,
			);
		};
/* End PBXProject section */

/* Begin PBXResourcesBuildPhase section */
		8457AF182C863F6A007BF2D3 /* Resources */ = {
			isa = PBXResourcesBuildPhase;
			buildActionMask = 2147483647;
			files = (
				8457AF2A2C863F6C007BF2D3 /* LaunchScreen.storyboard in Resources */,
				8457AF272C863F6C007BF2D3 /* Assets.xcassets in Resources */,
				8457AF252C863F6A007BF2D3 /* Main.storyboard in Resources */,
			);
			runOnlyForDeploymentPostprocessing = 0;
		};
		8457AF2E2C863F6C007BF2D3 /* Resources */ = {
			isa = PBXResourcesBuildPhase;
			buildActionMask = 2147483647;
			files = (
			);
			runOnlyForDeploymentPostprocessing = 0;
		};
		8457AF382C863F6C007BF2D3 /* Resources */ = {
			isa = PBXResourcesBuildPhase;
			buildActionMask = 2147483647;
			files = (
			);
			runOnlyForDeploymentPostprocessing = 0;
		};
/* End PBXResourcesBuildPhase section */

/* Begin PBXSourcesBuildPhase section */
		8457AF162C863F6A007BF2D3 /* Sources */ = {
			isa = PBXSourcesBuildPhase;
			buildActionMask = 2147483647;
			files = (
				8457AF222C863F6A007BF2D3 /* ViewController.swift in Sources */,
				8457AF1E2C863F6A007BF2D3 /* AppDelegate.swift in Sources */,
				8457AF202C863F6A007BF2D3 /* SceneDelegate.swift in Sources */,
			);
			runOnlyForDeploymentPostprocessing = 0;
		};
		8457AF2C2C863F6C007BF2D3 /* Sources */ = {
			isa = PBXSourcesBuildPhase;
			buildActionMask = 2147483647;
			files = (
				8457AF352C863F6C007BF2D3 /* PodcastsAppTests.swift in Sources */,
			);
			runOnlyForDeploymentPostprocessing = 0;
		};
		8457AF362C863F6C007BF2D3 /* Sources */ = {
			isa = PBXSourcesBuildPhase;
			buildActionMask = 2147483647;
			files = (
				8457AF3F2C863F6C007BF2D3 /* PodcastsAppUITests.swift in Sources */,
				8457AF412C863F6C007BF2D3 /* PodcastsAppUITestsLaunchTests.swift in Sources */,
			);
			runOnlyForDeploymentPostprocessing = 0;
		};
/* End PBXSourcesBuildPhase section */

/* Begin PBXTargetDependency section */
		8457AF322C863F6C007BF2D3 /* PBXTargetDependency */ = {
			isa = PBXTargetDependency;
			target = 8457AF192C863F6A007BF2D3 /* PodcastsApp */;
			targetProxy = 8457AF312C863F6C007BF2D3 /* PBXContainerItemProxy */;
		};
		8457AF3C2C863F6C007BF2D3 /* PBXTargetDependency */ = {
			isa = PBXTargetDependency;
			target = 8457AF192C863F6A007BF2D3 /* PodcastsApp */;
			targetProxy = 8457AF3B2C863F6C007BF2D3 /* PBXContainerItemProxy */;
		};
/* End PBXTargetDependency section */

/* Begin PBXVariantGroup section */
		8457AF232C863F6A007BF2D3 /* Main.storyboard */ = {
			isa = PBXVariantGroup;
			children = (
				8457AF242C863F6A007BF2D3 /* Base */,
			);
			name = Main.storyboard;
			sourceTree = "<group>";
		};
		8457AF282C863F6C007BF2D3 /* LaunchScreen.storyboard */ = {
			isa = PBXVariantGroup;
			children = (
				8457AF292C863F6C007BF2D3 /* Base */,
			);
			name = LaunchScreen.storyboard;
			sourceTree = "<group>";
		};
/* End PBXVariantGroup section */

/* Begin XCBuildConfiguration section */
		8457AF422C863F6C007BF2D3 /* Debug */ = {
			isa = XCBuildConfiguration;
			buildSettings = {
				ALWAYS_SEARCH_USER_PATHS = NO;
				ASSETCATALOG_COMPILER_GENERATE_SWIFT_ASSET_SYMBOL_EXTENSIONS = YES;
				CLANG_ANALYZER_NONNULL = YES;
				CLANG_ANALYZER_NUMBER_OBJECT_CONVERSION = YES_AGGRESSIVE;
				CLANG_CXX_LANGUAGE_STANDARD = "gnu++20";
				CLANG_ENABLE_MODULES = YES;
				CLANG_ENABLE_OBJC_ARC = YES;
				CLANG_ENABLE_OBJC_WEAK = YES;
				CLANG_WARN_BLOCK_CAPTURE_AUTORELEASING = YES;
				CLANG_WARN_BOOL_CONVERSION = YES;
				CLANG_WARN_COMMA = YES;
				CLANG_WARN_CONSTANT_CONVERSION = YES;
				CLANG_WARN_DEPRECATED_OBJC_IMPLEMENTATIONS = YES;
				CLANG_WARN_DIRECT_OBJC_ISA_USAGE = YES_ERROR;
				CLANG_WARN_DOCUMENTATION_COMMENTS = YES;
				CLANG_WARN_EMPTY_BODY = YES;
				CLANG_WARN_ENUM_CONVERSION = YES;
				CLANG_WARN_INFINITE_RECURSION = YES;
				CLANG_WARN_INT_CONVERSION = YES;
				CLANG_WARN_NON_LITERAL_NULL_CONVERSION = YES;
				CLANG_WARN_OBJC_IMPLICIT_RETAIN_SELF = YES;
				CLANG_WARN_OBJC_LITERAL_CONVERSION = YES;
				CLANG_WARN_OBJC_ROOT_CLASS = YES_ERROR;
				CLANG_WARN_QUOTED_INCLUDE_IN_FRAMEWORK_HEADER = YES;
				CLANG_WARN_RANGE_LOOP_ANALYSIS = YES;
				CLANG_WARN_STRICT_PROTOTYPES = YES;
				CLANG_WARN_SUSPICIOUS_MOVE = YES;
				CLANG_WARN_UNGUARDED_AVAILABILITY = YES_AGGRESSIVE;
				CLANG_WARN_UNREACHABLE_CODE = YES;
				CLANG_WARN__DUPLICATE_METHOD_MATCH = YES;
				COPY_PHASE_STRIP = NO;
				DEBUG_INFORMATION_FORMAT = dwarf;
				ENABLE_STRICT_OBJC_MSGSEND = YES;
				ENABLE_TESTABILITY = YES;
				ENABLE_USER_SCRIPT_SANDBOXING = YES;
				GCC_C_LANGUAGE_STANDARD = gnu17;
				GCC_DYNAMIC_NO_PIC = NO;
				GCC_NO_COMMON_BLOCKS = YES;
				GCC_OPTIMIZATION_LEVEL = 0;
				GCC_PREPROCESSOR_DEFINITIONS = (
					"DEBUG=1",
					"$(inherited)",
				);
				GCC_WARN_64_TO_32_BIT_CONVERSION = YES;
				GCC_WARN_ABOUT_RETURN_TYPE = YES_ERROR;
				GCC_WARN_UNDECLARED_SELECTOR = YES;
				GCC_WARN_UNINITIALIZED_AUTOS = YES_AGGRESSIVE;
				GCC_WARN_UNUSED_FUNCTION = YES;
				GCC_WARN_UNUSED_VARIABLE = YES;
				IPHONEOS_DEPLOYMENT_TARGET = 17.0;
				LOCALIZATION_PREFERS_STRING_CATALOGS = YES;
				MTL_ENABLE_DEBUG_INFO = INCLUDE_SOURCE;
				MTL_FAST_MATH = YES;
				ONLY_ACTIVE_ARCH = YES;
				SDKROOT = iphoneos;
				SWIFT_ACTIVE_COMPILATION_CONDITIONS = "DEBUG $(inherited)";
				SWIFT_OPTIMIZATION_LEVEL = "-Onone";
			};
			name = Debug;
		};
		8457AF432C863F6C007BF2D3 /* Release */ = {
			isa = XCBuildConfiguration;
			buildSettings = {
				ALWAYS_SEARCH_USER_PATHS = NO;
				ASSETCATALOG_COMPILER_GENERATE_SWIFT_ASSET_SYMBOL_EXTENSIONS = YES;
				CLANG_ANALYZER_NONNULL = YES;
				CLANG_ANALYZER_NUMBER_OBJECT_CONVERSION = YES_AGGRESSIVE;
				CLANG_CXX_LANGUAGE_STANDARD = "gnu++20";
				CLANG_ENABLE_MODULES = YES;
				CLANG_ENABLE_OBJC_ARC = YES;
				CLANG_ENABLE_OBJC_WEAK = YES;
				CLANG_WARN_BLOCK_CAPTURE_AUTORELEASING = YES;
				CLANG_WARN_BOOL_CONVERSION = YES;
				CLANG_WARN_COMMA = YES;
				CLANG_WARN_CONSTANT_CONVERSION = YES;
				CLANG_WARN_DEPRECATED_OBJC_IMPLEMENTATIONS = YES;
				CLANG_WARN_DIRECT_OBJC_ISA_USAGE = YES_ERROR;
				CLANG_WARN_DOCUMENTATION_COMMENTS = YES;
				CLANG_WARN_EMPTY_BODY = YES;
				CLANG_WARN_ENUM_CONVERSION = YES;
				CLANG_WARN_INFINITE_RECURSION = YES;
				CLANG_WARN_INT_CONVERSION = YES;
				CLANG_WARN_NON_LITERAL_NULL_CONVERSION = YES;
				CLANG_WARN_OBJC_IMPLICIT_RETAIN_SELF = YES;
				CLANG_WARN_OBJC_LITERAL_CONVERSION = YES;
				CLANG_WARN_OBJC_ROOT_CLASS = YES_ERROR;
				CLANG_WARN_QUOTED_INCLUDE_IN_FRAMEWORK_HEADER = YES;
				CLANG_WARN_RANGE_LOOP_ANALYSIS = YES;
				CLANG_WARN_STRICT_PROTOTYPES = YES;
				CLANG_WARN_SUSPICIOUS_MOVE = YES;
				CLANG_WARN_UNGUARDED_AVAILABILITY = YES_AGGRESSIVE;
				CLANG_WARN_UNREACHABLE_CODE = YES;
				CLANG_WARN__DUPLICATE_METHOD_MATCH = YES;
				COPY_PHASE_STRIP = NO;
				DEBUG_INFORMATION_FORMAT = "dwarf-with-dsym";
				ENABLE_NS_ASSERTIONS = NO;
				ENABLE_STRICT_OBJC_MSGSEND = YES;
				ENABLE_USER_SCRIPT_SANDBOXING = YES;
				GCC_C_LANGUAGE_STANDARD = gnu17;
				GCC_NO_COMMON_BLOCKS = YES;
				GCC_WARN_64_TO_32_BIT_CONVERSION = YES;
				GCC_WARN_ABOUT_RETURN_TYPE = YES_ERROR;
				GCC_WARN_UNDECLARED_SELECTOR = YES;
				GCC_WARN_UNINITIALIZED_AUTOS = YES_AGGRESSIVE;
				GCC_WARN_UNUSED_FUNCTION = YES;
				GCC_WARN_UNUSED_VARIABLE = YES;
				IPHONEOS_DEPLOYMENT_TARGET = 17.0;
				LOCALIZATION_PREFERS_STRING_CATALOGS = YES;
				MTL_ENABLE_DEBUG_INFO = NO;
				MTL_FAST_MATH = YES;
				SDKROOT = iphoneos;
				SWIFT_COMPILATION_MODE = wholemodule;
				VALIDATE_PRODUCT = YES;
			};
			name = Release;
		};
		8457AF452C863F6C007BF2D3 /* Debug */ = {
			isa = XCBuildConfiguration;
			buildSettings = {
				ASSETCATALOG_COMPILER_APPICON_NAME = AppIcon;
				ASSETCATALOG_COMPILER_GLOBAL_ACCENT_COLOR_NAME = AccentColor;
				CODE_SIGN_STYLE = Automatic;
				CURRENT_PROJECT_VERSION = 1;
				DEVELOPMENT_TEAM = 4ATQRR3VXB;
				GENERATE_INFOPLIST_FILE = YES;
				INFOPLIST_FILE = PodcastsApp/Info.plist;
				INFOPLIST_KEY_UIApplicationSupportsIndirectInputEvents = YES;
				INFOPLIST_KEY_UILaunchStoryboardName = LaunchScreen;
				INFOPLIST_KEY_UIMainStoryboardFile = Main;
				INFOPLIST_KEY_UISupportedInterfaceOrientations_iPad = "UIInterfaceOrientationPortrait UIInterfaceOrientationPortraitUpsideDown UIInterfaceOrientationLandscapeLeft UIInterfaceOrientationLandscapeRight";
				INFOPLIST_KEY_UISupportedInterfaceOrientations_iPhone = "UIInterfaceOrientationPortrait UIInterfaceOrientationLandscapeLeft UIInterfaceOrientationLandscapeRight";
				LD_RUNPATH_SEARCH_PATHS = (
					"$(inherited)",
					"@executable_path/Frameworks",
				);
				MARKETING_VERSION = 1.0;
				PRODUCT_BUNDLE_IDENTIFIER = com.shubh.PodcastsApp;
				PRODUCT_NAME = "$(TARGET_NAME)";
				SWIFT_EMIT_LOC_STRINGS = YES;
				SWIFT_VERSION = 5.0;
				TARGETED_DEVICE_FAMILY = "1,2";
			};
			name = Debug;
		};
		8457AF462C863F6C007BF2D3 /* Release */ = {
			isa = XCBuildConfiguration;
			buildSettings = {
				ASSETCATALOG_COMPILER_APPICON_NAME = AppIcon;
				ASSETCATALOG_COMPILER_GLOBAL_ACCENT_COLOR_NAME = AccentColor;
				CODE_SIGN_STYLE = Automatic;
				CURRENT_PROJECT_VERSION = 1;
				DEVELOPMENT_TEAM = 4ATQRR3VXB;
				GENERATE_INFOPLIST_FILE = YES;
				INFOPLIST_FILE = PodcastsApp/Info.plist;
				INFOPLIST_KEY_UIApplicationSupportsIndirectInputEvents = YES;
				INFOPLIST_KEY_UILaunchStoryboardName = LaunchScreen;
				INFOPLIST_KEY_UIMainStoryboardFile = Main;
				INFOPLIST_KEY_UISupportedInterfaceOrientations_iPad = "UIInterfaceOrientationPortrait UIInterfaceOrientationPortraitUpsideDown UIInterfaceOrientationLandscapeLeft UIInterfaceOrientationLandscapeRight";
				INFOPLIST_KEY_UISupportedInterfaceOrientations_iPhone = "UIInterfaceOrientationPortrait UIInterfaceOrientationLandscapeLeft UIInterfaceOrientationLandscapeRight";
				LD_RUNPATH_SEARCH_PATHS = (
					"$(inherited)",
					"@executable_path/Frameworks",
				);
				MARKETING_VERSION = 1.0;
				PRODUCT_BUNDLE_IDENTIFIER = com.shubh.PodcastsApp;
				PRODUCT_NAME = "$(TARGET_NAME)";
				SWIFT_EMIT_LOC_STRINGS = YES;
				SWIFT_VERSION = 5.0;
				TARGETED_DEVICE_FAMILY = "1,2";
			};
			name = Release;
		};
		8457AF482C863F6C007BF2D3 /* Debug */ = {
			isa = XCBuildConfiguration;
			buildSettings = {
				ALWAYS_EMBED_SWIFT_STANDARD_LIBRARIES = YES;
				BUNDLE_LOADER = "$(TEST_HOST)";
				CODE_SIGN_STYLE = Automatic;
				CURRENT_PROJECT_VERSION = 1;
				DEVELOPMENT_TEAM = 4ATQRR3VXB;
				GENERATE_INFOPLIST_FILE = YES;
				IPHONEOS_DEPLOYMENT_TARGET = 17.0;
				MARKETING_VERSION = 1.0;
				PRODUCT_BUNDLE_IDENTIFIER = com.shubh.PodcastsAppTests;
				PRODUCT_NAME = "$(TARGET_NAME)";
				SWIFT_EMIT_LOC_STRINGS = NO;
				SWIFT_VERSION = 5.0;
				TARGETED_DEVICE_FAMILY = "1,2";
				TEST_HOST = "$(BUILT_PRODUCTS_DIR)/PodcastsApp.app/$(BUNDLE_EXECUTABLE_FOLDER_PATH)/PodcastsApp";
			};
			name = Debug;
		};
		8457AF492C863F6C007BF2D3 /* Release */ = {
			isa = XCBuildConfiguration;
			buildSettings = {
				ALWAYS_EMBED_SWIFT_STANDARD_LIBRARIES = YES;
				BUNDLE_LOADER = "$(TEST_HOST)";
				CODE_SIGN_STYLE = Automatic;
				CURRENT_PROJECT_VERSION = 1;
				DEVELOPMENT_TEAM = 4ATQRR3VXB;
				GENERATE_INFOPLIST_FILE = YES;
				IPHONEOS_DEPLOYMENT_TARGET = 17.0;
				MARKETING_VERSION = 1.0;
				PRODUCT_BUNDLE_IDENTIFIER = com.shubh.PodcastsAppTests;
				PRODUCT_NAME = "$(TARGET_NAME)";
				SWIFT_EMIT_LOC_STRINGS = NO;
				SWIFT_VERSION = 5.0;
				TARGETED_DEVICE_FAMILY = "1,2";
				TEST_HOST = "$(BUILT_PRODUCTS_DIR)/PodcastsApp.app/$(BUNDLE_EXECUTABLE_FOLDER_PATH)/PodcastsApp";
			};
			name = Release;
		};
		8457AF4B2C863F6C007BF2D3 /* Debug */ = {
			isa = XCBuildConfiguration;
			buildSettings = {
				ALWAYS_EMBED_SWIFT_STANDARD_LIBRARIES = YES;
				CODE_SIGN_STYLE = Automatic;
				CURRENT_PROJECT_VERSION = 1;
				DEVELOPMENT_TEAM = 4ATQRR3VXB;
				GENERATE_INFOPLIST_FILE = YES;
				MARKETING_VERSION = 1.0;
				PRODUCT_BUNDLE_IDENTIFIER = com.shubh.PodcastsAppUITests;
				PRODUCT_NAME = "$(TARGET_NAME)";
				SWIFT_EMIT_LOC_STRINGS = NO;
				SWIFT_VERSION = 5.0;
				TARGETED_DEVICE_FAMILY = "1,2";
				TEST_TARGET_NAME = PodcastsApp;
			};
			name = Debug;
		};
		8457AF4C2C863F6C007BF2D3 /* Release */ = {
			isa = XCBuildConfiguration;
			buildSettings = {
				ALWAYS_EMBED_SWIFT_STANDARD_LIBRARIES = YES;
				CODE_SIGN_STYLE = Automatic;
				CURRENT_PROJECT_VERSION = 1;
				DEVELOPMENT_TEAM = 4ATQRR3VXB;
				GENERATE_INFOPLIST_FILE = YES;
				MARKETING_VERSION = 1.0;
				PRODUCT_BUNDLE_IDENTIFIER = com.shubh.PodcastsAppUITests;
				PRODUCT_NAME = "$(TARGET_NAME)";
				SWIFT_EMIT_LOC_STRINGS = NO;
				SWIFT_VERSION = 5.0;
				TARGETED_DEVICE_FAMILY = "1,2";
				TEST_TARGET_NAME = PodcastsApp;
			};
			name = Release;
		};
/* End XCBuildConfiguration section */

/* Begin XCConfigurationList section */
		8457AF152C863F6A007BF2D3 /* Build configuration list for PBXProject "PodcastsApp" */ = {
			isa = XCConfigurationList;
			buildConfigurations = (
				8457AF422C863F6C007BF2D3 /* Debug */,
				8457AF432C863F6C007BF2D3 /* Release */,
			);
			defaultConfigurationIsVisible = 0;
			defaultConfigurationName = Release;
		};
		8457AF442C863F6C007BF2D3 /* Build configuration list for PBXNativeTarget "PodcastsApp" */ = {
			isa = XCConfigurationList;
			buildConfigurations = (
				8457AF452C863F6C007BF2D3 /* Debug */,
				8457AF462C863F6C007BF2D3 /* Release */,
			);
			defaultConfigurationIsVisible = 0;
			defaultConfigurationName = Release;
		};
		8457AF472C863F6C007BF2D3 /* Build configuration list for PBXNativeTarget "PodcastsAppTests" */ = {
			isa = XCConfigurationList;
			buildConfigurations = (
				8457AF482C863F6C007BF2D3 /* Debug */,
				8457AF492C863F6C007BF2D3 /* Release */,
			);
			defaultConfigurationIsVisible = 0;
			defaultConfigurationName = Release;
		};
		8457AF4A2C863F6C007BF2D3 /* Build configuration list for PBXNativeTarget "PodcastsAppUITests" */ = {
			isa = XCConfigurationList;
			buildConfigurations = (
				8457AF4B2C863F6C007BF2D3 /* Debug */,
				8457AF4C2C863F6C007BF2D3 /* Release */,
			);
			defaultConfigurationIsVisible = 0;
			defaultConfigurationName = Release;
		};
/* End XCConfigurationList section */
	};
	rootObject = 8457AF122C863F6A007BF2D3 /* Project object */;
}
